// !$*UTF8*$!
{
	archiveVersion = 1;
	classes = {
	};
	objectVersion = 46;
	objects = {

/* Begin PBXBuildFile section */
		CEF6EDD61A72C12A002BD05F /* main.m in Sources */ = {isa = PBXBuildFile; fileRef = CEF6EDD51A72C12A002BD05F /* main.m */; };
		CEF6EDD91A72C12A002BD05F /* AppDelegate.m in Sources */ = {isa = PBXBuildFile; fileRef = CEF6EDD81A72C12A002BD05F /* AppDelegate.m */; };
		CEF6EDDC1A72C12A002BD05F /* ViewController.m in Sources */ = {isa = PBXBuildFile; fileRef = CEF6EDDB1A72C12A002BD05F /* ViewController.m */; };
		CEF6EDDF1A72C12A002BD05F /* Main.storyboard in Resources */ = {isa = PBXBuildFile; fileRef = CEF6EDDD1A72C12A002BD05F /* Main.storyboard */; };
		CEF6EDE11A72C12A002BD05F /* Images.xcassets in Resources */ = {isa = PBXBuildFile; fileRef = CEF6EDE01A72C12A002BD05F /* Images.xcassets */; };
		CEF6EDE41A72C12A002BD05F /* LaunchScreen.xib in Resources */ = {isa = PBXBuildFile; fileRef = CEF6EDE21A72C12A002BD05F /* LaunchScreen.xib */; };
		CEF6EDF01A72C12A002BD05F /* DetectBTLEPeripheralTests.m in Sources */ = {isa = PBXBuildFile; fileRef = CEF6EDEF1A72C12A002BD05F /* DetectBTLEPeripheralTests.m */; };
/* End PBXBuildFile section */

/* Begin PBXContainerItemProxy section */
		CEF6EDEA1A72C12A002BD05F /* PBXContainerItemProxy */ = {
			isa = PBXContainerItemProxy;
			containerPortal = CEF6EDC81A72C129002BD05F /* Project object */;
			proxyType = 1;
			remoteGlobalIDString = CEF6EDCF1A72C12A002BD05F;
			remoteInfo = DetectBTLEPeripheral;
		};
/* End PBXContainerItemProxy section */

/* Begin PBXFileReference section */
		CEF6EDD01A72C12A002BD05F /* DetectBTLEPeripheral.app */ = {isa = PBXFileReference; explicitFileType = wrapper.application; includeInIndex = 0; path = DetectBTLEPeripheral.app; sourceTree = BUILT_PRODUCTS_DIR; };
		CEF6EDD41A72C12A002BD05F /* Info.plist */ = {isa = PBXFileReference; lastKnownFileType = text.plist.xml; path = Info.plist; sourceTree = "<group>"; };
		CEF6EDD51A72C12A002BD05F /* main.m */ = {isa = PBXFileReference; lastKnownFileType = sourcecode.c.objc; path = main.m; sourceTree = "<group>"; };
		CEF6EDD71A72C12A002BD05F /* AppDelegate.h */ = {isa = PBXFileReference; lastKnownFileType = sourcecode.c.h; path = AppDelegate.h; sourceTree = "<group>"; };
		CEF6EDD81A72C12A002BD05F /* AppDelegate.m */ = {isa = PBXFileReference; lastKnownFileType = sourcecode.c.objc; path = AppDelegate.m; sourceTree = "<group>"; };
		CEF6EDDA1A72C12A002BD05F /* ViewController.h */ = {isa = PBXFileReference; lastKnownFileType = sourcecode.c.h; path = ViewController.h; sourceTree = "<group>"; };
		CEF6EDDB1A72C12A002BD05F /* ViewController.m */ = {isa = PBXFileReference; lastKnownFileType = sourcecode.c.objc; path = ViewController.m; sourceTree = "<group>"; };
		CEF6EDDE1A72C12A002BD05F /* Base */ = {isa = PBXFileReference; lastKnownFileType = file.storyboard; name = Base; path = Base.lproj/Main.storyboard; sourceTree = "<group>"; };
		CEF6EDE01A72C12A002BD05F /* Images.xcassets */ = {isa = PBXFileReference; lastKnownFileType = folder.assetcatalog; path = Images.xcassets; sourceTree = "<group>"; };
		CEF6EDE31A72C12A002BD05F /* Base */ = {isa = PBXFileReference; lastKnownFileType = file.xib; name = Base; path = Base.lproj/LaunchScreen.xib; sourceTree = "<group>"; };
		CEF6EDE91A72C12A002BD05F /* DetectBTLEPeripheralTests.xctest */ = {isa = PBXFileReference; explicitFileType = wrapper.cfbundle; includeInIndex = 0; path = DetectBTLEPeripheralTests.xctest; sourceTree = BUILT_PRODUCTS_DIR; };
		CEF6EDEE1A72C12A002BD05F /* Info.plist */ = {isa = PBXFileReference; lastKnownFileType = text.plist.xml; path = Info.plist; sourceTree = "<group>"; };
		CEF6EDEF1A72C12A002BD05F /* DetectBTLEPeripheralTests.m */ = {isa = PBXFileReference; lastKnownFileType = sourcecode.c.objc; path = DetectBTLEPeripheralTests.m; sourceTree = "<group>"; };
/* End PBXFileReference section */

/* Begin PBXFrameworksBuildPhase section */
		CEF6EDCD1A72C12A002BD05F /* Frameworks */ = {
			isa = PBXFrameworksBuildPhase;
			buildActionMask = 2147483647;
			files = (
			);
			runOnlyForDeploymentPostprocessing = 0;
		};
		CEF6EDE61A72C12A002BD05F /* Frameworks */ = {
			isa = PBXFrameworksBuildPhase;
			buildActionMask = 2147483647;
			files = (
			);
			runOnlyForDeploymentPostprocessing = 0;
		};
/* End PBXFrameworksBuildPhase section */

/* Begin PBXGroup section */
		CEF6EDC71A72C129002BD05F = {
			isa = PBXGroup;
			children = (
				CEF6EDD21A72C12A002BD05F /* DetectBTLEPeripheral */,
				CEF6EDEC1A72C12A002BD05F /* DetectBTLEPeripheralTests */,
				CEF6EDD11A72C12A002BD05F /* Products */,
			);
			sourceTree = "<group>";
		};
		CEF6EDD11A72C12A002BD05F /* Products */ = {
			isa = PBXGroup;
			children = (
				CEF6EDD01A72C12A002BD05F /* DetectBTLEPeripheral.app */,
				CEF6EDE91A72C12A002BD05F /* DetectBTLEPeripheralTests.xctest */,
			);
			name = Products;
			sourceTree = "<group>";
		};
		CEF6EDD21A72C12A002BD05F /* DetectBTLEPeripheral */ = {
			isa = PBXGroup;
			children = (
				CEF6EDD71A72C12A002BD05F /* AppDelegate.h */,
				CEF6EDD81A72C12A002BD05F /* AppDelegate.m */,
				CEF6EDDA1A72C12A002BD05F /* ViewController.h */,
				CEF6EDDB1A72C12A002BD05F /* ViewController.m */,
				CEF6EDDD1A72C12A002BD05F /* Main.storyboard */,
				CEF6EDE01A72C12A002BD05F /* Images.xcassets */,
				CEF6EDE21A72C12A002BD05F /* LaunchScreen.xib */,
				CEF6EDD31A72C12A002BD05F /* Supporting Files */,
			);
			path = DetectBTLEPeripheral;
			sourceTree = "<group>";
		};
		CEF6EDD31A72C12A002BD05F /* Supporting Files */ = {
			isa = PBXGroup;
			children = (
				CEF6EDD41A72C12A002BD05F /* Info.plist */,
				CEF6EDD51A72C12A002BD05F /* main.m */,
			);
			name = "Supporting Files";
			sourceTree = "<group>";
		};
		CEF6EDEC1A72C12A002BD05F /* DetectBTLEPeripheralTests */ = {
			isa = PBXGroup;
			children = (
				CEF6EDEF1A72C12A002BD05F /* DetectBTLEPeripheralTests.m */,
				CEF6EDED1A72C12A002BD05F /* Supporting Files */,
			);
			path = DetectBTLEPeripheralTests;
			sourceTree = "<group>";
		};
		CEF6EDED1A72C12A002BD05F /* Supporting Files */ = {
			isa = PBXGroup;
			children = (
				CEF6EDEE1A72C12A002BD05F /* Info.plist */,
			);
			name = "Supporting Files";
			sourceTree = "<group>";
		};
/* End PBXGroup section */

/* Begin PBXNativeTarget section */
		CEF6EDCF1A72C12A002BD05F /* DetectBTLEPeripheral */ = {
			isa = PBXNativeTarget;
			buildConfigurationList = CEF6EDF31A72C12A002BD05F /* Build configuration list for PBXNativeTarget "DetectBTLEPeripheral" */;
			buildPhases = (
				CEF6EDCC1A72C12A002BD05F /* Sources */,
				CEF6EDCD1A72C12A002BD05F /* Frameworks */,
				CEF6EDCE1A72C12A002BD05F /* Resources */,
			);
			buildRules = (
			);
			dependencies = (
			);
			name = DetectBTLEPeripheral;
			productName = DetectBTLEPeripheral;
			productReference = CEF6EDD01A72C12A002BD05F /* DetectBTLEPeripheral.app */;
			productType = "com.apple.product-type.application";
		};
		CEF6EDE81A72C12A002BD05F /* DetectBTLEPeripheralTests */ = {
			isa = PBXNativeTarget;
			buildConfigurationList = CEF6EDF61A72C12A002BD05F /* Build configuration list for PBXNativeTarget "DetectBTLEPeripheralTests" */;
			buildPhases = (
				CEF6EDE51A72C12A002BD05F /* Sources */,
				CEF6EDE61A72C12A002BD05F /* Frameworks */,
				CEF6EDE71A72C12A002BD05F /* Resources */,
			);
			buildRules = (
			);
			dependencies = (
				CEF6EDEB1A72C12A002BD05F /* PBXTargetDependency */,
			);
			name = DetectBTLEPeripheralTests;
			productName = DetectBTLEPeripheralTests;
			productReference = CEF6EDE91A72C12A002BD05F /* DetectBTLEPeripheralTests.xctest */;
			productType = "com.apple.product-type.bundle.unit-test";
		};
/* End PBXNativeTarget section */

/* Begin PBXProject section */
		CEF6EDC81A72C129002BD05F /* Project object */ = {
			isa = PBXProject;
			attributes = {
				LastUpgradeCheck = 0610;
				ORGANIZATIONNAME = nogahighland;
				TargetAttributes = {
					CEF6EDCF1A72C12A002BD05F = {
						CreatedOnToolsVersion = 6.1.1;
					};
					CEF6EDE81A72C12A002BD05F = {
						CreatedOnToolsVersion = 6.1.1;
						TestTargetID = CEF6EDCF1A72C12A002BD05F;
					};
				};
			};
			buildConfigurationList = CEF6EDCB1A72C129002BD05F /* Build configuration list for PBXProject "DetectBTLEPeripheral" */;
			compatibilityVersion = "Xcode 3.2";
			developmentRegion = English;
			hasScannedForEncodings = 0;
			knownRegions = (
				en,
				Base,
			);
			mainGroup = CEF6EDC71A72C129002BD05F;
			productRefGroup = CEF6EDD11A72C12A002BD05F /* Products */;
			projectDirPath = "";
			projectRoot = "";
			targets = (
				CEF6EDCF1A72C12A002BD05F /* DetectBTLEPeripheral */,
				CEF6EDE81A72C12A002BD05F /* DetectBTLEPeripheralTests */,
			);
		};
/* End PBXProject section */

/* Begin PBXResourcesBuildPhase section */
		CEF6EDCE1A72C12A002BD05F /* Resources */ = {
			isa = PBXResourcesBuildPhase;
			buildActionMask = 2147483647;
			files = (
				CEF6EDDF1A72C12A002BD05F /* Main.storyboard in Resources */,
				CEF6EDE41A72C12A002BD05F /* LaunchScreen.xib in Resources */,
				CEF6EDE11A72C12A002BD05F /* Images.xcassets in Resources */,
			);
			runOnlyForDeploymentPostprocessing = 0;
		};
		CEF6EDE71A72C12A002BD05F /* Resources */ = {
			isa = PBXResourcesBuildPhase;
			buildActionMask = 2147483647;
			files = (
			);
			runOnlyForDeploymentPostprocessing = 0;
		};
/* End PBXResourcesBuildPhase section */

/* Begin PBXSourcesBuildPhase section */
		CEF6EDCC1A72C12A002BD05F /* Sources */ = {
			isa = PBXSourcesBuildPhase;
			buildActionMask = 2147483647;
			files = (
				CEF6EDDC1A72C12A002BD05F /* ViewController.m in Sources */,
				CEF6EDD91A72C12A002BD05F /* AppDelegate.m in Sources */,
				CEF6EDD61A72C12A002BD05F /* main.m in Sources */,
			);
			runOnlyForDeploymentPostprocessing = 0;
		};
		CEF6EDE51A72C12A002BD05F /* Sources */ = {
			isa = PBXSourcesBuildPhase;
			buildActionMask = 2147483647;
			files = (
				CEF6EDF01A72C12A002BD05F /* DetectBTLEPeripheralTests.m in Sources */,
			);
			runOnlyForDeploymentPostprocessing = 0;
		};
/* End PBXSourcesBuildPhase section */

/* Begin PBXTargetDependency section */
		CEF6EDEB1A72C12A002BD05F /* PBXTargetDependency */ = {
			isa = PBXTargetDependency;
			target = CEF6EDCF1A72C12A002BD05F /* DetectBTLEPeripheral */;
			targetProxy = CEF6EDEA1A72C12A002BD05F /* PBXContainerItemProxy */;
		};
/* End PBXTargetDependency section */

/* Begin PBXVariantGroup section */
		CEF6EDDD1A72C12A002BD05F /* Main.storyboard */ = {
			isa = PBXVariantGroup;
			children = (
				CEF6EDDE1A72C12A002BD05F /* Base */,
			);
			name = Main.storyboard;
			sourceTree = "<group>";
		};
		CEF6EDE21A72C12A002BD05F /* LaunchScreen.xib */ = {
			isa = PBXVariantGroup;
			children = (
				CEF6EDE31A72C12A002BD05F /* Base */,
			);
			name = LaunchScreen.xib;
			sourceTree = "<group>";
		};
/* End PBXVariantGroup section */

/* Begin XCBuildConfiguration section */
		CEF6EDF11A72C12A002BD05F /* Debug */ = {
			isa = XCBuildConfiguration;
			buildSettings = {
				ALWAYS_SEARCH_USER_PATHS = NO;
				CLANG_CXX_LANGUAGE_STANDARD = "gnu++0x";
				CLANG_CXX_LIBRARY = "libc++";
				CLANG_ENABLE_MODULES = YES;
				CLANG_ENABLE_OBJC_ARC = YES;
				CLANG_WARN_BOOL_CONVERSION = YES;
				CLANG_WARN_CONSTANT_CONVERSION = YES;
				CLANG_WARN_DIRECT_OBJC_ISA_USAGE = YES_ERROR;
				CLANG_WARN_EMPTY_BODY = YES;
				CLANG_WARN_ENUM_CONVERSION = YES;
				CLANG_WARN_INT_CONVERSION = YES;
				CLANG_WARN_OBJC_ROOT_CLASS = YES_ERROR;
				CLANG_WARN_UNREACHABLE_CODE = YES;
				CLANG_WARN__DUPLICATE_METHOD_MATCH = YES;
				"CODE_SIGN_IDENTITY[sdk=iphoneos*]" = "iPhone Developer";
				COPY_PHASE_STRIP = NO;
				ENABLE_STRICT_OBJC_MSGSEND = YES;
				GCC_C_LANGUAGE_STANDARD = gnu99;
				GCC_DYNAMIC_NO_PIC = NO;
				GCC_OPTIMIZATION_LEVEL = 0;
				GCC_PREPROCESSOR_DEFINITIONS = (
					"DEBUG=1",
					"$(inherited)",
				);
				GCC_SYMBOLS_PRIVATE_EXTERN = NO;
				GCC_WARN_64_TO_32_BIT_CONVERSION = YES;
				GCC_WARN_ABOUT_RETURN_TYPE = YES_ERROR;
				GCC_WARN_UNDECLARED_SELECTOR = YES;
				GCC_WARN_UNINITIALIZED_AUTOS = YES_AGGRESSIVE;
				GCC_WARN_UNUSED_FUNCTION = YES;
				GCC_WARN_UNUSED_VARIABLE = YES;
				IPHONEOS_DEPLOYMENT_TARGET = 8.1;
				MTL_ENABLE_DEBUG_INFO = YES;
				ONLY_ACTIVE_ARCH = YES;
				SDKROOT = iphoneos;
			};
			name = Debug;
		};
		CEF6EDF21A72C12A002BD05F /* Release */ = {
			isa = XCBuildConfiguration;
			buildSettings = {
				ALWAYS_SEARCH_USER_PATHS = NO;
				CLANG_CXX_LANGUAGE_STANDARD = "gnu++0x";
				CLANG_CXX_LIBRARY = "libc++";
				CLANG_ENABLE_MODULES = YES;
				CLANG_ENABLE_OBJC_ARC = YES;
				CLANG_WARN_BOOL_CONVERSION = YES;
				CLANG_WARN_CONSTANT_CONVERSION = YES;
				CLANG_WARN_DIRECT_OBJC_ISA_USAGE = YES_ERROR;
				CLANG_WARN_EMPTY_BODY = YES;
				CLANG_WARN_ENUM_CONVERSION = YES;
				CLANG_WARN_INT_CONVERSION = YES;
				CLANG_WARN_OBJC_ROOT_CLASS = YES_ERROR;
				CLANG_WARN_UNREACHABLE_CODE = YES;
				CLANG_WARN__DUPLICATE_METHOD_MATCH = YES;
				"CODE_SIGN_IDENTITY[sdk=iphoneos*]" = "iPhone Developer";
				COPY_PHASE_STRIP = YES;
				ENABLE_NS_ASSERTIONS = NO;
				ENABLE_STRICT_OBJC_MSGSEND = YES;
				GCC_C_LANGUAGE_STANDARD = gnu99;
				GCC_WARN_64_TO_32_BIT_CONVERSION = YES;
				GCC_WARN_ABOUT_RETURN_TYPE = YES_ERROR;
				GCC_WARN_UNDECLARED_SELECTOR = YES;
				GCC_WARN_UNINITIALIZED_AUTOS = YES_AGGRESSIVE;
				GCC_WARN_UNUSED_FUNCTION = YES;
				GCC_WARN_UNUSED_VARIABLE = YES;
				IPHONEOS_DEPLOYMENT_TARGET = 8.1;
				MTL_ENABLE_DEBUG_INFO = NO;
				SDKROOT = iphoneos;
				VALIDATE_PRODUCT = YES;
			};
			name = Release;
		};
		CEF6EDF41A72C12A002BD05F /* Debug */ = {
			isa = XCBuildConfiguration;
			buildSettings = {
				ASSETCATALOG_COMPILER_APPICON_NAME = AppIcon;
				INFOPLIST_FILE = DetectBTLEPeripheral/Info.plist;
				LD_RUNPATH_SEARCH_PATHS = "$(inherited) @executable_path/Frameworks";
				PRODUCT_NAME = "$(TARGET_NAME)";
			};
			name = Debug;
		};
		CEF6EDF51A72C12A002BD05F /* Release */ = {
			isa = XCBuildConfiguration;
			buildSettings = {
				ASSETCATALOG_COMPILER_APPICON_NAME = AppIcon;
				INFOPLIST_FILE = DetectBTLEPeripheral/Info.plist;
				LD_RUNPATH_SEARCH_PATHS = "$(inherited) @executable_path/Frameworks";
				PRODUCT_NAME = "$(TARGET_NAME)";
			};
			name = Release;
		};
		CEF6EDF71A72C12A002BD05F /* Debug */ = {
			isa = XCBuildConfiguration;
			buildSettings = {
				BUNDLE_LOADER = "$(TEST_HOST)";
				FRAMEWORK_SEARCH_PATHS = (
					"$(SDKROOT)/Developer/Library/Frameworks",
					"$(inherited)",
				);
				GCC_PREPROCESSOR_DEFINITIONS = (
					"DEBUG=1",
					"$(inherited)",
				);
				INFOPLIST_FILE = DetectBTLEPeripheralTests/Info.plist;
				LD_RUNPATH_SEARCH_PATHS = "$(inherited) @executable_path/Frameworks @loader_path/Frameworks";
				PRODUCT_NAME = "$(TARGET_NAME)";
				TEST_HOST = "$(BUILT_PRODUCTS_DIR)/DetectBTLEPeripheral.app/DetectBTLEPeripheral";
			};
			name = Debug;
		};
		CEF6EDF81A72C12A002BD05F /* Release */ = {
			isa = XCBuildConfiguration;
			buildSettings = {
				BUNDLE_LOADER = "$(TEST_HOST)";
				FRAMEWORK_SEARCH_PATHS = (
					"$(SDKROOT)/Developer/Library/Frameworks",
					"$(inherited)",
				);
				INFOPLIST_FILE = DetectBTLEPeripheralTests/Info.plist;
				LD_RUNPATH_SEARCH_PATHS = "$(inherited) @executable_path/Frameworks @loader_path/Frameworks";
				PRODUCT_NAME = "$(TARGET_NAME)";
				TEST_HOST = "$(BUILT_PRODUCTS_DIR)/DetectBTLEPeripheral.app/DetectBTLEPeripheral";
			};
			name = Release;
		};
/* End XCBuildConfiguration section */

/* Begin XCConfigurationList section */
		CEF6EDCB1A72C129002BD05F /* Build configuration list for PBXProject "DetectBTLEPeripheral" */ = {
			isa = XCConfigurationList;
			buildConfigurations = (
				CEF6EDF11A72C12A002BD05F /* Debug */,
				CEF6EDF21A72C12A002BD05F /* Release */,
			);
			defaultConfigurationIsVisible = 0;
			defaultConfigurationName = Release;
		};
		CEF6EDF31A72C12A002BD05F /* Build configuration list for PBXNativeTarget "DetectBTLEPeripheral" */ = {
			isa = XCConfigurationList;
			buildConfigurations = (
				CEF6EDF41A72C12A002BD05F /* Debug */,
				CEF6EDF51A72C12A002BD05F /* Release */,
			);
			defaultConfigurationIsVisible = 0;
		};
		CEF6EDF61A72C12A002BD05F /* Build configuration list for PBXNativeTarget "DetectBTLEPeripheralTests" */ = {
			isa = XCConfigurationList;
			buildConfigurations = (
				CEF6EDF71A72C12A002BD05F /* Debug */,
				CEF6EDF81A72C12A002BD05F /* Release */,
			);
			defaultConfigurationIsVisible = 0;
		};
/* End XCConfigurationList section */
	};
	rootObject = CEF6EDC81A72C129002BD05F /* Project object */;
}
